// !$*UTF8*$!
{
	archiveVersion = 1;
	classes = {
	};
	objectVersion = 46;
	objects = {

/* Begin PBXBuildFile section */
		0D9BF4461C2ECC3D00D7BFE8 /* main.m in Sources */ = {isa = PBXBuildFile; fileRef = 0D9BF4451C2ECC3D00D7BFE8 /* main.m */; };
		0D9BF4491C2ECC3D00D7BFE8 /* AppDelegate.m in Sources */ = {isa = PBXBuildFile; fileRef = 0D9BF4481C2ECC3D00D7BFE8 /* AppDelegate.m */; };
		0D9BF44C1C2ECC3D00D7BFE8 /* ViewController.m in Sources */ = {isa = PBXBuildFile; fileRef = 0D9BF44B1C2ECC3D00D7BFE8 /* ViewController.m */; };
		0D9BF44F1C2ECC3E00D7BFE8 /* Main.storyboard in Resources */ = {isa = PBXBuildFile; fileRef = 0D9BF44D1C2ECC3E00D7BFE8 /* Main.storyboard */; };
		0D9BF4511C2ECC3E00D7BFE8 /* Assets.xcassets in Resources */ = {isa = PBXBuildFile; fileRef = 0D9BF4501C2ECC3E00D7BFE8 /* Assets.xcassets */; };
		0D9BF4541C2ECC3E00D7BFE8 /* LaunchScreen.storyboard in Resources */ = {isa = PBXBuildFile; fileRef = 0D9BF4521C2ECC3E00D7BFE8 /* LaunchScreen.storyboard */; };
		0D9BF46D1C2ECCB300D7BFE8 /* agt.gif in Resources */ = {isa = PBXBuildFile; fileRef = 0D9BF45E1C2ECCB300D7BFE8 /* agt.gif */; };
		0D9BF46E1C2ECCB300D7BFE8 /* baxi.gif in Resources */ = {isa = PBXBuildFile; fileRef = 0D9BF45F1C2ECCB300D7BFE8 /* baxi.gif */; };
		0D9BF46F1C2ECCB300D7BFE8 /* deguo.gif in Resources */ = {isa = PBXBuildFile; fileRef = 0D9BF4601C2ECCB300D7BFE8 /* deguo.gif */; };
		0D9BF4701C2ECCB300D7BFE8 /* faguo.gif in Resources */ = {isa = PBXBuildFile; fileRef = 0D9BF4611C2ECCB300D7BFE8 /* faguo.gif */; };
		0D9BF4711C2ECCB300D7BFE8 /* flags.plist in Resources */ = {isa = PBXBuildFile; fileRef = 0D9BF4621C2ECCB300D7BFE8 /* flags.plist */; };
		0D9BF4721C2ECCB300D7BFE8 /* hanguo.gif in Resources */ = {isa = PBXBuildFile; fileRef = 0D9BF4631C2ECCB300D7BFE8 /* hanguo.gif */; };
		0D9BF4731C2ECCB300D7BFE8 /* helan.gif in Resources */ = {isa = PBXBuildFile; fileRef = 0D9BF4641C2ECCB300D7BFE8 /* helan.gif */; };
		0D9BF4741C2ECCB300D7BFE8 /* putaoya.gif in Resources */ = {isa = PBXBuildFile; fileRef = 0D9BF4651C2ECCB300D7BFE8 /* putaoya.gif */; };
		0D9BF4751C2ECCB300D7BFE8 /* ruidian.gif in Resources */ = {isa = PBXBuildFile; fileRef = 0D9BF4661C2ECCB300D7BFE8 /* ruidian.gif */; };
		0D9BF4761C2ECCB300D7BFE8 /* ruishi.gif in Resources */ = {isa = PBXBuildFile; fileRef = 0D9BF4671C2ECCB300D7BFE8 /* ruishi.gif */; };
		0D9BF4771C2ECCB300D7BFE8 /* wlgui.gif in Resources */ = {isa = PBXBuildFile; fileRef = 0D9BF4681C2ECCB300D7BFE8 /* wlgui.gif */; };
		0D9BF4781C2ECCB300D7BFE8 /* xiby.gif in Resources */ = {isa = PBXBuildFile; fileRef = 0D9BF4691C2ECCB300D7BFE8 /* xiby.gif */; };
		0D9BF4791C2ECCB300D7BFE8 /* ydl.gif in Resources */ = {isa = PBXBuildFile; fileRef = 0D9BF46A1C2ECCB300D7BFE8 /* ydl.gif */; };
		0D9BF47A1C2ECCB300D7BFE8 /* ying.gif in Resources */ = {isa = PBXBuildFile; fileRef = 0D9BF46B1C2ECCB300D7BFE8 /* ying.gif */; };
		0D9BF47B1C2ECCB300D7BFE8 /* zhongguo.jpg in Resources */ = {isa = PBXBuildFile; fileRef = 0D9BF46C1C2ECCB300D7BFE8 /* zhongguo.jpg */; };
		0D9BF4811C2ECE1700D7BFE8 /* KJFlag.m in Sources */ = {isa = PBXBuildFile; fileRef = 0D9BF4801C2ECE1700D7BFE8 /* KJFlag.m */; };
		0D9BF4851C2EDE5200D7BFE8 /* KJFlagView.m in Sources */ = {isa = PBXBuildFile; fileRef = 0D9BF4841C2EDE5200D7BFE8 /* KJFlagView.m */; };
		0D9BF4881C2EDE7B00D7BFE8 /* KJFlagView.xib in Resources */ = {isa = PBXBuildFile; fileRef = 0D9BF4871C2EDE7B00D7BFE8 /* KJFlagView.xib */; };
/* End PBXBuildFile section */

/* Begin PBXFileReference section */
		0D9BF4411C2ECC3D00D7BFE8 /* ChooseFlag.app */ = {isa = PBXFileReference; explicitFileType = wrapper.application; includeInIndex = 0; path = ChooseFlag.app; sourceTree = BUILT_PRODUCTS_DIR; };
		0D9BF4451C2ECC3D00D7BFE8 /* main.m */ = {isa = PBXFileReference; lastKnownFileType = sourcecode.c.objc; path = main.m; sourceTree = "<group>"; };
		0D9BF4471C2ECC3D00D7BFE8 /* AppDelegate.h */ = {isa = PBXFileReference; lastKnownFileType = sourcecode.c.h; path = AppDelegate.h; sourceTree = "<group>"; };
		0D9BF4481C2ECC3D00D7BFE8 /* AppDelegate.m */ = {isa = PBXFileReference; lastKnownFileType = sourcecode.c.objc; path = AppDelegate.m; sourceTree = "<group>"; };
		0D9BF44A1C2ECC3D00D7BFE8 /* ViewController.h */ = {isa = PBXFileReference; lastKnownFileType = sourcecode.c.h; path = ViewController.h; sourceTree = "<group>"; };
		0D9BF44B1C2ECC3D00D7BFE8 /* ViewController.m */ = {isa = PBXFileReference; lastKnownFileType = sourcecode.c.objc; path = ViewController.m; sourceTree = "<group>"; };
		0D9BF44E1C2ECC3E00D7BFE8 /* Base */ = {isa = PBXFileReference; lastKnownFileType = file.storyboard; name = Base; path = Base.lproj/Main.storyboard; sourceTree = "<group>"; };
		0D9BF4501C2ECC3E00D7BFE8 /* Assets.xcassets */ = {isa = PBXFileReference; lastKnownFileType = folder.assetcatalog; path = Assets.xcassets; sourceTree = "<group>"; };
		0D9BF4531C2ECC3E00D7BFE8 /* Base */ = {isa = PBXFileReference; lastKnownFileType = file.storyboard; name = Base; path = Base.lproj/LaunchScreen.storyboard; sourceTree = "<group>"; };
		0D9BF4551C2ECC3E00D7BFE8 /* Info.plist */ = {isa = PBXFileReference; lastKnownFileType = text.plist.xml; path = Info.plist; sourceTree = "<group>"; };
		0D9BF45E1C2ECCB300D7BFE8 /* agt.gif */ = {isa = PBXFileReference; lastKnownFileType = image.gif; path = agt.gif; sourceTree = "<group>"; };
		0D9BF45F1C2ECCB300D7BFE8 /* baxi.gif */ = {isa = PBXFileReference; lastKnownFileType = image.gif; path = baxi.gif; sourceTree = "<group>"; };
		0D9BF4601C2ECCB300D7BFE8 /* deguo.gif */ = {isa = PBXFileReference; lastKnownFileType = image.gif; path = deguo.gif; sourceTree = "<group>"; };
		0D9BF4611C2ECCB300D7BFE8 /* faguo.gif */ = {isa = PBXFileReference; lastKnownFileType = image.gif; path = faguo.gif; sourceTree = "<group>"; };
		0D9BF4621C2ECCB300D7BFE8 /* flags.plist */ = {isa = PBXFileReference; fileEncoding = 4; lastKnownFileType = text.plist.xml; name = flags.plist; path = guoqi/flags.plist; sourceTree = "<group>"; };
		0D9BF4631C2ECCB300D7BFE8 /* hanguo.gif */ = {isa = PBXFileReference; lastKnownFileType = image.gif; path = hanguo.gif; sourceTree = "<group>"; };
		0D9BF4641C2ECCB300D7BFE8 /* helan.gif */ = {isa = PBXFileReference; lastKnownFileType = image.gif; path = helan.gif; sourceTree = "<group>"; };
		0D9BF4651C2ECCB300D7BFE8 /* putaoya.gif */ = {isa = PBXFileReference; lastKnownFileType = image.gif; path = putaoya.gif; sourceTree = "<group>"; };
		0D9BF4661C2ECCB300D7BFE8 /* ruidian.gif */ = {isa = PBXFileReference; lastKnownFileType = image.gif; path = ruidian.gif; sourceTree = "<group>"; };
		0D9BF4671C2ECCB300D7BFE8 /* ruishi.gif */ = {isa = PBXFileReference; lastKnownFileType = image.gif; path = ruishi.gif; sourceTree = "<group>"; };
		0D9BF4681C2ECCB300D7BFE8 /* wlgui.gif */ = {isa = PBXFileReference; lastKnownFileType = image.gif; path = wlgui.gif; sourceTree = "<group>"; };
		0D9BF4691C2ECCB300D7BFE8 /* xiby.gif */ = {isa = PBXFileReference; lastKnownFileType = image.gif; path = xiby.gif; sourceTree = "<group>"; };
		0D9BF46A1C2ECCB300D7BFE8 /* ydl.gif */ = {isa = PBXFileReference; lastKnownFileType = image.gif; path = ydl.gif; sourceTree = "<group>"; };
		0D9BF46B1C2ECCB300D7BFE8 /* ying.gif */ = {isa = PBXFileReference; lastKnownFileType = image.gif; path = ying.gif; sourceTree = "<group>"; };
		0D9BF46C1C2ECCB300D7BFE8 /* zhongguo.jpg */ = {isa = PBXFileReference; lastKnownFileType = image.jpeg; path = zhongguo.jpg; sourceTree = "<group>"; };
		0D9BF47F1C2ECE1700D7BFE8 /* KJFlag.h */ = {isa = PBXFileReference; fileEncoding = 4; lastKnownFileType = sourcecode.c.h; path = KJFlag.h; sourceTree = "<group>"; };
		0D9BF4801C2ECE1700D7BFE8 /* KJFlag.m */ = {isa = PBXFileReference; fileEncoding = 4; lastKnownFileType = sourcecode.c.objc; path = KJFlag.m; sourceTree = "<group>"; };
		0D9BF4831C2EDE5200D7BFE8 /* KJFlagView.h */ = {isa = PBXFileReference; fileEncoding = 4; lastKnownFileType = sourcecode.c.h; path = KJFlagView.h; sourceTree = "<group>"; };
		0D9BF4841C2EDE5200D7BFE8 /* KJFlagView.m */ = {isa = PBXFileReference; fileEncoding = 4; lastKnownFileType = sourcecode.c.objc; path = KJFlagView.m; sourceTree = "<group>"; };
		0D9BF4871C2EDE7B00D7BFE8 /* KJFlagView.xib */ = {isa = PBXFileReference; fileEncoding = 4; lastKnownFileType = file.xib; path = KJFlagView.xib; sourceTree = "<group>"; };
/* End PBXFileReference section */

/* Begin PBXFrameworksBuildPhase section */
		0D9BF43E1C2ECC3D00D7BFE8 /* Frameworks */ = {
			isa = PBXFrameworksBuildPhase;
			buildActionMask = 2147483647;
			files = (
			);
			runOnlyForDeploymentPostprocessing = 0;
		};
/* End PBXFrameworksBuildPhase section */

/* Begin PBXGroup section */
		0D9BF4381C2ECC3D00D7BFE8 = {
			isa = PBXGroup;
			children = (
				0D9BF4431C2ECC3D00D7BFE8 /* ChooseFlag */,
				0D9BF4421C2ECC3D00D7BFE8 /* Products */,
			);
			sourceTree = "<group>";
		};
		0D9BF4421C2ECC3D00D7BFE8 /* Products */ = {
			isa = PBXGroup;
			children = (
				0D9BF4411C2ECC3D00D7BFE8 /* ChooseFlag.app */,
			);
			name = Products;
			sourceTree = "<group>";
		};
		0D9BF4431C2ECC3D00D7BFE8 /* ChooseFlag */ = {
			isa = PBXGroup;
			children = (
				0D9BF4861C2EDE6400D7BFE8 /* Views */,
				0D9BF4821C2ECE2200D7BFE8 /* Models */,
				0D9BF45B1C2ECC7C00D7BFE8 /* Others */,
				0D9BF45C1C2ECC8400D7BFE8 /* Controllers */,
				0D9BF4441C2ECC3D00D7BFE8 /* Supporting Files */,
			);
			path = ChooseFlag;
			sourceTree = "<group>";
		};
		0D9BF4441C2ECC3D00D7BFE8 /* Supporting Files */ = {
			isa = PBXGroup;
			children = (
				0D9BF44D1C2ECC3E00D7BFE8 /* Main.storyboard */,
				0D9BF4501C2ECC3E00D7BFE8 /* Assets.xcassets */,
				0D9BF45D1C2ECCB300D7BFE8 /* guoqi */,
				0D9BF4521C2ECC3E00D7BFE8 /* LaunchScreen.storyboard */,
				0D9BF4551C2ECC3E00D7BFE8 /* Info.plist */,
				0D9BF4621C2ECCB300D7BFE8 /* flags.plist */,
				0D9BF4451C2ECC3D00D7BFE8 /* main.m */,
			);
			name = "Supporting Files";
			sourceTree = "<group>";
		};
		0D9BF45B1C2ECC7C00D7BFE8 /* Others */ = {
			isa = PBXGroup;
			children = (
				0D9BF4471C2ECC3D00D7BFE8 /* AppDelegate.h */,
				0D9BF4481C2ECC3D00D7BFE8 /* AppDelegate.m */,
			);
			name = Others;
			sourceTree = "<group>";
		};
		0D9BF45C1C2ECC8400D7BFE8 /* Controllers */ = {
			isa = PBXGroup;
			children = (
				0D9BF44A1C2ECC3D00D7BFE8 /* ViewController.h */,
				0D9BF44B1C2ECC3D00D7BFE8 /* ViewController.m */,
			);
			name = Controllers;
			sourceTree = "<group>";
		};
		0D9BF45D1C2ECCB300D7BFE8 /* guoqi */ = {
			isa = PBXGroup;
			children = (
				0D9BF45E1C2ECCB300D7BFE8 /* agt.gif */,
				0D9BF45F1C2ECCB300D7BFE8 /* baxi.gif */,
				0D9BF4601C2ECCB300D7BFE8 /* deguo.gif */,
				0D9BF4611C2ECCB300D7BFE8 /* faguo.gif */,
				0D9BF4631C2ECCB300D7BFE8 /* hanguo.gif */,
				0D9BF4641C2ECCB300D7BFE8 /* helan.gif */,
				0D9BF4651C2ECCB300D7BFE8 /* putaoya.gif */,
				0D9BF4661C2ECCB300D7BFE8 /* ruidian.gif */,
				0D9BF4671C2ECCB300D7BFE8 /* ruishi.gif */,
				0D9BF4681C2ECCB300D7BFE8 /* wlgui.gif */,
				0D9BF4691C2ECCB300D7BFE8 /* xiby.gif */,
				0D9BF46A1C2ECCB300D7BFE8 /* ydl.gif */,
				0D9BF46B1C2ECCB300D7BFE8 /* ying.gif */,
				0D9BF46C1C2ECCB300D7BFE8 /* zhongguo.jpg */,
			);
			path = guoqi;
			sourceTree = "<group>";
		};
		0D9BF4821C2ECE2200D7BFE8 /* Models */ = {
			isa = PBXGroup;
			children = (
				0D9BF47F1C2ECE1700D7BFE8 /* KJFlag.h */,
				0D9BF4801C2ECE1700D7BFE8 /* KJFlag.m */,
			);
			name = Models;
			sourceTree = "<group>";
		};
		0D9BF4861C2EDE6400D7BFE8 /* Views */ = {
			isa = PBXGroup;
			children = (
				0D9BF4831C2EDE5200D7BFE8 /* KJFlagView.h */,
				0D9BF4841C2EDE5200D7BFE8 /* KJFlagView.m */,
				0D9BF4871C2EDE7B00D7BFE8 /* KJFlagView.xib */,
			);
			name = Views;
			sourceTree = "<group>";
		};
/* End PBXGroup section */

/* Begin PBXNativeTarget section */
		0D9BF4401C2ECC3D00D7BFE8 /* ChooseFlag */ = {
			isa = PBXNativeTarget;
			buildConfigurationList = 0D9BF4581C2ECC3E00D7BFE8 /* Build configuration list for PBXNativeTarget "ChooseFlag" */;
			buildPhases = (
				0D9BF43D1C2ECC3D00D7BFE8 /* Sources */,
				0D9BF43E1C2ECC3D00D7BFE8 /* Frameworks */,
				0D9BF43F1C2ECC3D00D7BFE8 /* Resources */,
			);
			buildRules = (
			);
			dependencies = (
			);
			name = ChooseFlag;
			productName = ChooseFlag;
			productReference = 0D9BF4411C2ECC3D00D7BFE8 /* ChooseFlag.app */;
			productType = "com.apple.product-type.application";
		};
/* End PBXNativeTarget section */

/* Begin PBXProject section */
		0D9BF4391C2ECC3D00D7BFE8 /* Project object */ = {
			isa = PBXProject;
			attributes = {
				CLASSPREFIX = KJ;
				LastUpgradeCheck = 0720;
				ORGANIZATIONNAME = khj;
				TargetAttributes = {
					0D9BF4401C2ECC3D00D7BFE8 = {
						CreatedOnToolsVersion = 7.2;
					};
				};
			};
			buildConfigurationList = 0D9BF43C1C2ECC3D00D7BFE8 /* Build configuration list for PBXProject "ChooseFlag" */;
			compatibilityVersion = "Xcode 3.2";
			developmentRegion = English;
			hasScannedForEncodings = 0;
			knownRegions = (
				en,
				Base,
			);
			mainGroup = 0D9BF4381C2ECC3D00D7BFE8;
			productRefGroup = 0D9BF4421C2ECC3D00D7BFE8 /* Products */;
			projectDirPath = "";
			projectRoot = "";
			targets = (
				0D9BF4401C2ECC3D00D7BFE8 /* ChooseFlag */,
			);
		};
/* End PBXProject section */

/* Begin PBXResourcesBuildPhase section */
		0D9BF43F1C2ECC3D00D7BFE8 /* Resources */ = {
			isa = PBXResourcesBuildPhase;
			buildActionMask = 2147483647;
			files = (
				0D9BF4541C2ECC3E00D7BFE8 /* LaunchScreen.storyboard in Resources */,
				0D9BF4881C2EDE7B00D7BFE8 /* KJFlagView.xib in Resources */,
				0D9BF4721C2ECCB300D7BFE8 /* hanguo.gif in Resources */,
				0D9BF46F1C2ECCB300D7BFE8 /* deguo.gif in Resources */,
				0D9BF4731C2ECCB300D7BFE8 /* helan.gif in Resources */,
				0D9BF4791C2ECCB300D7BFE8 /* ydl.gif in Resources */,
				0D9BF4711C2ECCB300D7BFE8 /* flags.plist in Resources */,
				0D9BF4511C2ECC3E00D7BFE8 /* Assets.xcassets in Resources */,
				0D9BF46E1C2ECCB300D7BFE8 /* baxi.gif in Resources */,
				0D9BF47B1C2ECCB300D7BFE8 /* zhongguo.jpg in Resources */,
				0D9BF4781C2ECCB300D7BFE8 /* xiby.gif in Resources */,
				0D9BF47A1C2ECCB300D7BFE8 /* ying.gif in Resources */,
				0D9BF4771C2ECCB300D7BFE8 /* wlgui.gif in Resources */,
				0D9BF4741C2ECCB300D7BFE8 /* putaoya.gif in Resources */,
				0D9BF4701C2ECCB300D7BFE8 /* faguo.gif in Resources */,
				0D9BF44F1C2ECC3E00D7BFE8 /* Main.storyboard in Resources */,
				0D9BF46D1C2ECCB300D7BFE8 /* agt.gif in Resources */,
				0D9BF4761C2ECCB300D7BFE8 /* ruishi.gif in Resources */,
				0D9BF4751C2ECCB300D7BFE8 /* ruidian.gif in Resources */,
			);
			runOnlyForDeploymentPostprocessing = 0;
		};
/* End PBXResourcesBuildPhase section */

/* Begin PBXSourcesBuildPhase section */
		0D9BF43D1C2ECC3D00D7BFE8 /* Sources */ = {
			isa = PBXSourcesBuildPhase;
			buildActionMask = 2147483647;
			files = (
				0D9BF44C1C2ECC3D00D7BFE8 /* ViewController.m in Sources */,
				0D9BF4851C2EDE5200D7BFE8 /* KJFlagView.m in Sources */,
				0D9BF4491C2ECC3D00D7BFE8 /* AppDelegate.m in Sources */,
				0D9BF4811C2ECE1700D7BFE8 /* KJFlag.m in Sources */,
				0D9BF4461C2ECC3D00D7BFE8 /* main.m in Sources */,
			);
			runOnlyForDeploymentPostprocessing = 0;
		};
/* End PBXSourcesBuildPhase section */

/* Begin PBXVariantGroup section */
		0D9BF44D1C2ECC3E00D7BFE8 /* Main.storyboard */ = {
			isa = PBXVariantGroup;
			children = (
				0D9BF44E1C2ECC3E00D7BFE8 /* Base */,
			);
			name = Main.storyboard;
			sourceTree = "<group>";
		};
		0D9BF4521C2ECC3E00D7BFE8 /* LaunchScreen.storyboard */ = {
			isa = PBXVariantGroup;
			children = (
				0D9BF4531C2ECC3E00D7BFE8 /* Base */,
			);
			name = LaunchScreen.storyboard;
			sourceTree = "<group>";
		};
/* End PBXVariantGroup section */

/* Begin XCBuildConfiguration section */
		0D9BF4561C2ECC3E00D7BFE8 /* Debug */ = {
			isa = XCBuildConfiguration;
			buildSettings = {
				ALWAYS_SEARCH_USER_PATHS = NO;
				CLANG_CXX_LANGUAGE_STANDARD = "gnu++0x";
				CLANG_CXX_LIBRARY = "libc++";
				CLANG_ENABLE_MODULES = YES;
				CLANG_ENABLE_OBJC_ARC = YES;
				CLANG_WARN_BOOL_CONVERSION = YES;
				CLANG_WARN_CONSTANT_CONVERSION = YES;
				CLANG_WARN_DIRECT_OBJC_ISA_USAGE = YES_ERROR;
				CLANG_WARN_EMPTY_BODY = YES;
				CLANG_WARN_ENUM_CONVERSION = YES;
				CLANG_WARN_INT_CONVERSION = YES;
				CLANG_WARN_OBJC_ROOT_CLASS = YES_ERROR;
				CLANG_WARN_UNREACHABLE_CODE = YES;
				CLANG_WARN__DUPLICATE_METHOD_MATCH = YES;
				"CODE_SIGN_IDENTITY[sdk=iphoneos*]" = "iPhone Developer";
				COPY_PHASE_STRIP = NO;
				DEBUG_INFORMATION_FORMAT = dwarf;
				ENABLE_STRICT_OBJC_MSGSEND = YES;
				ENABLE_TESTABILITY = YES;
				GCC_C_LANGUAGE_STANDARD = gnu99;
				GCC_DYNAMIC_NO_PIC = NO;
				GCC_NO_COMMON_BLOCKS = YES;
				GCC_OPTIMIZATION_LEVEL = 0;
				GCC_PREPROCESSOR_DEFINITIONS = (
					"DEBUG=1",
					"$(inherited)",
				);
				GCC_WARN_64_TO_32_BIT_CONVERSION = YES;
				GCC_WARN_ABOUT_RETURN_TYPE = YES_ERROR;
				GCC_WARN_UNDECLARED_SELECTOR = YES;
				GCC_WARN_UNINITIALIZED_AUTOS = YES_AGGRESSIVE;
				GCC_WARN_UNUSED_FUNCTION = YES;
				GCC_WARN_UNUSED_VARIABLE = YES;
				IPHONEOS_DEPLOYMENT_TARGET = 9.2;
				MTL_ENABLE_DEBUG_INFO = YES;
				ONLY_ACTIVE_ARCH = YES;
				SDKROOT = iphoneos;
			};
			name = Debug;
		};
		0D9BF4571C2ECC3E00D7BFE8 /* Release */ = {
			isa = XCBuildConfiguration;
			buildSettings = {
				ALWAYS_SEARCH_USER_PATHS = NO;
				CLANG_CXX_LANGUAGE_STANDARD = "gnu++0x";
				CLANG_CXX_LIBRARY = "libc++";
				CLANG_ENABLE_MODULES = YES;
				CLANG_ENABLE_OBJC_ARC = YES;
				CLANG_WARN_BOOL_CONVERSION = YES;
				CLANG_WARN_CONSTANT_CONVERSION = YES;
				CLANG_WARN_DIRECT_OBJC_ISA_USAGE = YES_ERROR;
				CLANG_WARN_EMPTY_BODY = YES;
				CLANG_WARN_ENUM_CONVERSION = YES;
				CLANG_WARN_INT_CONVERSION = YES;
				CLANG_WARN_OBJC_ROOT_CLASS = YES_ERROR;
				CLANG_WARN_UNREACHABLE_CODE = YES;
				CLANG_WARN__DUPLICATE_METHOD_MATCH = YES;
				"CODE_SIGN_IDENTITY[sdk=iphoneos*]" = "iPhone Developer";
				COPY_PHASE_STRIP = NO;
				DEBUG_INFORMATION_FORMAT = "dwarf-with-dsym";
				ENABLE_NS_ASSERTIONS = NO;
				ENABLE_STRICT_OBJC_MSGSEND = YES;
				GCC_C_LANGUAGE_STANDARD = gnu99;
				GCC_NO_COMMON_BLOCKS = YES;
				GCC_WARN_64_TO_32_BIT_CONVERSION = YES;
				GCC_WARN_ABOUT_RETURN_TYPE = YES_ERROR;
				GCC_WARN_UNDECLARED_SELECTOR = YES;
				GCC_WARN_UNINITIALIZED_AUTOS = YES_AGGRESSIVE;
				GCC_WARN_UNUSED_FUNCTION = YES;
				GCC_WARN_UNUSED_VARIABLE = YES;
				IPHONEOS_DEPLOYMENT_TARGET = 9.2;
				MTL_ENABLE_DEBUG_INFO = NO;
				SDKROOT = iphoneos;
				VALIDATE_PRODUCT = YES;
			};
			name = Release;
		};
		0D9BF4591C2ECC3E00D7BFE8 /* Debug */ = {
			isa = XCBuildConfiguration;
			buildSettings = {
				ASSETCATALOG_COMPILER_APPICON_NAME = AppIcon;
				INFOPLIST_FILE = ChooseFlag/Info.plist;
				LD_RUNPATH_SEARCH_PATHS = "$(inherited) @executable_path/Frameworks";
				PRODUCT_BUNDLE_IDENTIFIER = com.khj.ChooseFlag;
				PRODUCT_NAME = "$(TARGET_NAME)";
			};
			name = Debug;
		};
		0D9BF45A1C2ECC3E00D7BFE8 /* Release */ = {
			isa = XCBuildConfiguration;
			buildSettings = {
				ASSETCATALOG_COMPILER_APPICON_NAME = AppIcon;
				INFOPLIST_FILE = ChooseFlag/Info.plist;
				LD_RUNPATH_SEARCH_PATHS = "$(inherited) @executable_path/Frameworks";
				PRODUCT_BUNDLE_IDENTIFIER = com.khj.ChooseFlag;
				PRODUCT_NAME = "$(TARGET_NAME)";
			};
			name = Release;
		};
/* End XCBuildConfiguration section */

/* Begin XCConfigurationList section */
		0D9BF43C1C2ECC3D00D7BFE8 /* Build configuration list for PBXProject "ChooseFlag" */ = {
			isa = XCConfigurationList;
			buildConfigurations = (
				0D9BF4561C2ECC3E00D7BFE8 /* Debug */,
				0D9BF4571C2ECC3E00D7BFE8 /* Release */,
			);
			defaultConfigurationIsVisible = 0;
			defaultConfigurationName = Release;
		};
		0D9BF4581C2ECC3E00D7BFE8 /* Build configuration list for PBXNativeTarget "ChooseFlag" */ = {
			isa = XCConfigurationList;
			buildConfigurations = (
				0D9BF4591C2ECC3E00D7BFE8 /* Debug */,
				0D9BF45A1C2ECC3E00D7BFE8 /* Release */,
			);
			defaultConfigurationIsVisible = 0;
		};
/* End XCConfigurationList section */
	};
	rootObject = 0D9BF4391C2ECC3D00D7BFE8 /* Project object */;
}
